// !$*UTF8*$!
{
	archiveVersion = 1;
	classes = {
	};
	objectVersion = 48;
	objects = {

/* Begin PBXBuildFile section */
		01A406A120241185003F67F7 /* AppDelegate.swift in Sources */ = {isa = PBXBuildFile; fileRef = 01A406A020241185003F67F7 /* AppDelegate.swift */; };
		01A406A320241185003F67F7 /* ViewController.swift in Sources */ = {isa = PBXBuildFile; fileRef = 01A406A220241185003F67F7 /* ViewController.swift */; };
		01A406A620241185003F67F7 /* Main.storyboard in Resources */ = {isa = PBXBuildFile; fileRef = 01A406A420241185003F67F7 /* Main.storyboard */; };
		01A406A820241185003F67F7 /* Assets.xcassets in Resources */ = {isa = PBXBuildFile; fileRef = 01A406A720241185003F67F7 /* Assets.xcassets */; };
		01A406AB20241185003F67F7 /* LaunchScreen.storyboard in Resources */ = {isa = PBXBuildFile; fileRef = 01A406A920241185003F67F7 /* LaunchScreen.storyboard */; };
		01A406B620241185003F67F7 /* ztg_istTests.swift in Sources */ = {isa = PBXBuildFile; fileRef = 01A406B520241185003F67F7 /* ztg_istTests.swift */; };
/* End PBXBuildFile section */

/* Begin PBXContainerItemProxy section */
		01A406B220241185003F67F7 /* PBXContainerItemProxy */ = {
			isa = PBXContainerItemProxy;
			containerPortal = 01A4069520241185003F67F7 /* Project object */;
			proxyType = 1;
			remoteGlobalIDString = 01A4069C20241185003F67F7;
			remoteInfo = ztg.ist;
		};
/* End PBXContainerItemProxy section */

/* Begin PBXFileReference section */
		01A4069D20241185003F67F7 /* ztg.ist.app */ = {isa = PBXFileReference; explicitFileType = wrapper.application; includeInIndex = 0; path = ztg.ist.app; sourceTree = BUILT_PRODUCTS_DIR; };
		01A406A020241185003F67F7 /* AppDelegate.swift */ = {isa = PBXFileReference; lastKnownFileType = sourcecode.swift; path = AppDelegate.swift; sourceTree = "<group>"; };
		01A406A220241185003F67F7 /* ViewController.swift */ = {isa = PBXFileReference; lastKnownFileType = sourcecode.swift; path = ViewController.swift; sourceTree = "<group>"; };
		01A406A520241185003F67F7 /* Base */ = {isa = PBXFileReference; lastKnownFileType = file.storyboard; name = Base; path = Base.lproj/Main.storyboard; sourceTree = "<group>"; };
		01A406A720241185003F67F7 /* Assets.xcassets */ = {isa = PBXFileReference; lastKnownFileType = folder.assetcatalog; path = Assets.xcassets; sourceTree = "<group>"; };
		01A406AA20241185003F67F7 /* Base */ = {isa = PBXFileReference; lastKnownFileType = file.storyboard; name = Base; path = Base.lproj/LaunchScreen.storyboard; sourceTree = "<group>"; };
		01A406AC20241185003F67F7 /* Info.plist */ = {isa = PBXFileReference; lastKnownFileType = text.plist.xml; path = Info.plist; sourceTree = "<group>"; };
		01A406B120241185003F67F7 /* ztg.istTests.xctest */ = {isa = PBXFileReference; explicitFileType = wrapper.cfbundle; includeInIndex = 0; path = ztg.istTests.xctest; sourceTree = BUILT_PRODUCTS_DIR; };
		01A406B520241185003F67F7 /* ztg_istTests.swift */ = {isa = PBXFileReference; lastKnownFileType = sourcecode.swift; path = ztg_istTests.swift; sourceTree = "<group>"; };
		01A406B720241185003F67F7 /* Info.plist */ = {isa = PBXFileReference; lastKnownFileType = text.plist.xml; path = Info.plist; sourceTree = "<group>"; };
/* End PBXFileReference section */

/* Begin PBXFrameworksBuildPhase section */
		01A4069A20241185003F67F7 /* Frameworks */ = {
			isa = PBXFrameworksBuildPhase;
			buildActionMask = 2147483647;
			files = (
			);
			runOnlyForDeploymentPostprocessing = 0;
		};
		01A406AE20241185003F67F7 /* Frameworks */ = {
			isa = PBXFrameworksBuildPhase;
			buildActionMask = 2147483647;
			files = (
			);
			runOnlyForDeploymentPostprocessing = 0;
		};
/* End PBXFrameworksBuildPhase section */

/* Begin PBXGroup section */
		01A4069420241185003F67F7 = {
			isa = PBXGroup;
			children = (
				01A4069F20241185003F67F7 /* ztg.ist */,
				01A406B420241185003F67F7 /* ztg.istTests */,
				01A4069E20241185003F67F7 /* Products */,
			);
			sourceTree = "<group>";
		};
		01A4069E20241185003F67F7 /* Products */ = {
			isa = PBXGroup;
			children = (
				01A4069D20241185003F67F7 /* ztg.ist.app */,
				01A406B120241185003F67F7 /* ztg.istTests.xctest */,
			);
			name = Products;
			sourceTree = "<group>";
		};
		01A4069F20241185003F67F7 /* ztg.ist */ = {
			isa = PBXGroup;
			children = (
				01A406A020241185003F67F7 /* AppDelegate.swift */,
				01A406A220241185003F67F7 /* ViewController.swift */,
				01A406A420241185003F67F7 /* Main.storyboard */,
				01A406A720241185003F67F7 /* Assets.xcassets */,
				01A406A920241185003F67F7 /* LaunchScreen.storyboard */,
				01A406AC20241185003F67F7 /* Info.plist */,
			);
			path = ztg.ist;
			sourceTree = "<group>";
		};
		01A406B420241185003F67F7 /* ztg.istTests */ = {
			isa = PBXGroup;
			children = (
				01A406B520241185003F67F7 /* ztg_istTests.swift */,
				01A406B720241185003F67F7 /* Info.plist */,
			);
			path = ztg.istTests;
			sourceTree = "<group>";
		};
/* End PBXGroup section */

/* Begin PBXNativeTarget section */
		01A4069C20241185003F67F7 /* ztg.ist */ = {
			isa = PBXNativeTarget;
			buildConfigurationList = 01A406BA20241185003F67F7 /* Build configuration list for PBXNativeTarget "ztg.ist" */;
			buildPhases = (
				01A4069920241185003F67F7 /* Sources */,
				01A4069A20241185003F67F7 /* Frameworks */,
				01A4069B20241185003F67F7 /* Resources */,
			);
			buildRules = (
			);
			dependencies = (
			);
			name = ztg.ist;
			productName = ztg.ist;
			productReference = 01A4069D20241185003F67F7 /* ztg.ist.app */;
			productType = "com.apple.product-type.application";
		};
		01A406B020241185003F67F7 /* ztg.istTests */ = {
			isa = PBXNativeTarget;
			buildConfigurationList = 01A406BD20241185003F67F7 /* Build configuration list for PBXNativeTarget "ztg.istTests" */;
			buildPhases = (
				01A406AD20241185003F67F7 /* Sources */,
				01A406AE20241185003F67F7 /* Frameworks */,
				01A406AF20241185003F67F7 /* Resources */,
			);
			buildRules = (
			);
			dependencies = (
				01A406B320241185003F67F7 /* PBXTargetDependency */,
			);
			name = ztg.istTests;
			productName = ztg.istTests;
			productReference = 01A406B120241185003F67F7 /* ztg.istTests.xctest */;
			productType = "com.apple.product-type.bundle.unit-test";
		};
/* End PBXNativeTarget section */

/* Begin PBXProject section */
		01A4069520241185003F67F7 /* Project object */ = {
			isa = PBXProject;
			attributes = {
				LastSwiftUpdateCheck = 0920;
				LastUpgradeCheck = 0920;
				ORGANIZATIONNAME = ztg.ist;
				TargetAttributes = {
					01A4069C20241185003F67F7 = {
						CreatedOnToolsVersion = 9.2;
						ProvisioningStyle = Automatic;
					};
					01A406B020241185003F67F7 = {
						CreatedOnToolsVersion = 9.2;
						ProvisioningStyle = Automatic;
						TestTargetID = 01A4069C20241185003F67F7;
					};
				};
			};
			buildConfigurationList = 01A4069820241185003F67F7 /* Build configuration list for PBXProject "ztg.ist" */;
			compatibilityVersion = "Xcode 8.0";
			developmentRegion = en;
			hasScannedForEncodings = 0;
			knownRegions = (
				en,
				Base,
			);
			mainGroup = 01A4069420241185003F67F7;
			productRefGroup = 01A4069E20241185003F67F7 /* Products */;
			projectDirPath = "";
			projectRoot = "";
			targets = (
				01A4069C20241185003F67F7 /* ztg.ist */,
				01A406B020241185003F67F7 /* ztg.istTests */,
			);
		};
/* End PBXProject section */

/* Begin PBXResourcesBuildPhase section */
		01A4069B20241185003F67F7 /* Resources */ = {
			isa = PBXResourcesBuildPhase;
			buildActionMask = 2147483647;
			files = (
				01A406AB20241185003F67F7 /* LaunchScreen.storyboard in Resources */,
				01A406A820241185003F67F7 /* Assets.xcassets in Resources */,
				01A406A620241185003F67F7 /* Main.storyboard in Resources */,
			);
			runOnlyForDeploymentPostprocessing = 0;
		};
		01A406AF20241185003F67F7 /* Resources */ = {
			isa = PBXResourcesBuildPhase;
			buildActionMask = 2147483647;
			files = (
			);
			runOnlyForDeploymentPostprocessing = 0;
		};
/* End PBXResourcesBuildPhase section */

/* Begin PBXSourcesBuildPhase section */
		01A4069920241185003F67F7 /* Sources */ = {
			isa = PBXSourcesBuildPhase;
			buildActionMask = 2147483647;
			files = (
				01A406A320241185003F67F7 /* ViewController.swift in Sources */,
				01A406A120241185003F67F7 /* AppDelegate.swift in Sources */,
			);
			runOnlyForDeploymentPostprocessing = 0;
		};
		01A406AD20241185003F67F7 /* Sources */ = {
			isa = PBXSourcesBuildPhase;
			buildActionMask = 2147483647;
			files = (
				01A406B620241185003F67F7 /* ztg_istTests.swift in Sources */,
			);
			runOnlyForDeploymentPostprocessing = 0;
		};
/* End PBXSourcesBuildPhase section */

/* Begin PBXTargetDependency section */
		01A406B320241185003F67F7 /* PBXTargetDependency */ = {
			isa = PBXTargetDependency;
			target = 01A4069C20241185003F67F7 /* ztg.ist */;
			targetProxy = 01A406B220241185003F67F7 /* PBXContainerItemProxy */;
		};
/* End PBXTargetDependency section */

/* Begin PBXVariantGroup section */
		01A406A420241185003F67F7 /* Main.storyboard */ = {
			isa = PBXVariantGroup;
			children = (
				01A406A520241185003F67F7 /* Base */,
			);
			name = Main.storyboard;
			sourceTree = "<group>";
		};
		01A406A920241185003F67F7 /* LaunchScreen.storyboard */ = {
			isa = PBXVariantGroup;
			children = (
				01A406AA20241185003F67F7 /* Base */,
			);
			name = LaunchScreen.storyboard;
			sourceTree = "<group>";
		};
/* End PBXVariantGroup section */

/* Begin XCBuildConfiguration section */
		01A406B820241185003F67F7 /* Debug */ = {
			isa = XCBuildConfiguration;
			buildSettings = {
				ALWAYS_SEARCH_USER_PATHS = NO;
				CLANG_ANALYZER_NONNULL = YES;
				CLANG_ANALYZER_NUMBER_OBJECT_CONVERSION = YES_AGGRESSIVE;
				CLANG_CXX_LANGUAGE_STANDARD = "gnu++14";
				CLANG_CXX_LIBRARY = "libc++";
				CLANG_ENABLE_MODULES = YES;
				CLANG_ENABLE_OBJC_ARC = YES;
				CLANG_WARN_BLOCK_CAPTURE_AUTORELEASING = YES;
				CLANG_WARN_BOOL_CONVERSION = YES;
				CLANG_WARN_COMMA = YES;
				CLANG_WARN_CONSTANT_CONVERSION = YES;
				CLANG_WARN_DIRECT_OBJC_ISA_USAGE = YES_ERROR;
				CLANG_WARN_DOCUMENTATION_COMMENTS = YES;
				CLANG_WARN_EMPTY_BODY = YES;
				CLANG_WARN_ENUM_CONVERSION = YES;
				CLANG_WARN_INFINITE_RECURSION = YES;
				CLANG_WARN_INT_CONVERSION = YES;
				CLANG_WARN_NON_LITERAL_NULL_CONVERSION = YES;
				CLANG_WARN_OBJC_LITERAL_CONVERSION = YES;
				CLANG_WARN_OBJC_ROOT_CLASS = YES_ERROR;
				CLANG_WARN_RANGE_LOOP_ANALYSIS = YES;
				CLANG_WARN_STRICT_PROTOTYPES = YES;
				CLANG_WARN_SUSPICIOUS_MOVE = YES;
				CLANG_WARN_UNGUARDED_AVAILABILITY = YES_AGGRESSIVE;
				CLANG_WARN_UNREACHABLE_CODE = YES;
				CLANG_WARN__DUPLICATE_METHOD_MATCH = YES;
				CODE_SIGN_IDENTITY = "iPhone Developer";
				COPY_PHASE_STRIP = NO;
				DEBUG_INFORMATION_FORMAT = dwarf;
				ENABLE_STRICT_OBJC_MSGSEND = YES;
				ENABLE_TESTABILITY = YES;
				GCC_C_LANGUAGE_STANDARD = gnu11;
				GCC_DYNAMIC_NO_PIC = NO;
				GCC_NO_COMMON_BLOCKS = YES;
				GCC_OPTIMIZATION_LEVEL = 0;
				GCC_PREPROCESSOR_DEFINITIONS = (
					"DEBUG=1",
					"$(inherited)",
				);
				GCC_WARN_64_TO_32_BIT_CONVERSION = YES;
				GCC_WARN_ABOUT_RETURN_TYPE = YES_ERROR;
				GCC_WARN_UNDECLARED_SELECTOR = YES;
				GCC_WARN_UNINITIALIZED_AUTOS = YES_AGGRESSIVE;
				GCC_WARN_UNUSED_FUNCTION = YES;
				GCC_WARN_UNUSED_VARIABLE = YES;
				IPHONEOS_DEPLOYMENT_TARGET = 11.2;
				MTL_ENABLE_DEBUG_INFO = YES;
				ONLY_ACTIVE_ARCH = YES;
				SDKROOT = iphoneos;
				SWIFT_ACTIVE_COMPILATION_CONDITIONS = DEBUG;
				SWIFT_OPTIMIZATION_LEVEL = "-Onone";
			};
			name = Debug;
		};
		01A406B920241185003F67F7 /* Release */ = {
			isa = XCBuildConfiguration;
			buildSettings = {
				ALWAYS_SEARCH_USER_PATHS = NO;
				CLANG_ANALYZER_NONNULL = YES;
				CLANG_ANALYZER_NUMBER_OBJECT_CONVERSION = YES_AGGRESSIVE;
				CLANG_CXX_LANGUAGE_STANDARD = "gnu++14";
				CLANG_CXX_LIBRARY = "libc++";
				CLANG_ENABLE_MODULES = YES;
				CLANG_ENABLE_OBJC_ARC = YES;
				CLANG_WARN_BLOCK_CAPTURE_AUTORELEASING = YES;
				CLANG_WARN_BOOL_CONVERSION = YES;
				CLANG_WARN_COMMA = YES;
				CLANG_WARN_CONSTANT_CONVERSION = YES;
				CLANG_WARN_DIRECT_OBJC_ISA_USAGE = YES_ERROR;
				CLANG_WARN_DOCUMENTATION_COMMENTS = YES;
				CLANG_WARN_EMPTY_BODY = YES;
				CLANG_WARN_ENUM_CONVERSION = YES;
				CLANG_WARN_INFINITE_RECURSION = YES;
				CLANG_WARN_INT_CONVERSION = YES;
				CLANG_WARN_NON_LITERAL_NULL_CONVERSION = YES;
				CLANG_WARN_OBJC_LITERAL_CONVERSION = YES;
				CLANG_WARN_OBJC_ROOT_CLASS = YES_ERROR;
				CLANG_WARN_RANGE_LOOP_ANALYSIS = YES;
				CLANG_WARN_STRICT_PROTOTYPES = YES;
				CLANG_WARN_SUSPICIOUS_MOVE = YES;
				CLANG_WARN_UNGUARDED_AVAILABILITY = YES_AGGRESSIVE;
				CLANG_WARN_UNREACHABLE_CODE = YES;
				CLANG_WARN__DUPLICATE_METHOD_MATCH = YES;
				CODE_SIGN_IDENTITY = "iPhone Developer";
				COPY_PHASE_STRIP = NO;
				DEBUG_INFORMATION_FORMAT = "dwarf-with-dsym";
				ENABLE_NS_ASSERTIONS = NO;
				ENABLE_STRICT_OBJC_MSGSEND = YES;
				GCC_C_LANGUAGE_STANDARD = gnu11;
				GCC_NO_COMMON_BLOCKS = YES;
				GCC_WARN_64_TO_32_BIT_CONVERSION = YES;
				GCC_WARN_ABOUT_RETURN_TYPE = YES_ERROR;
				GCC_WARN_UNDECLARED_SELECTOR = YES;
				GCC_WARN_UNINITIALIZED_AUTOS = YES_AGGRESSIVE;
				GCC_WARN_UNUSED_FUNCTION = YES;
				GCC_WARN_UNUSED_VARIABLE = YES;
				IPHONEOS_DEPLOYMENT_TARGET = 11.2;
				MTL_ENABLE_DEBUG_INFO = NO;
				SDKROOT = iphoneos;
				SWIFT_OPTIMIZATION_LEVEL = "-Owholemodule";
				VALIDATE_PRODUCT = YES;
			};
			name = Release;
		};
		01A406BB20241185003F67F7 /* Debug */ = {
			isa = XCBuildConfiguration;
			buildSettings = {
				ASSETCATALOG_COMPILER_APPICON_NAME = AppIcon;
				CODE_SIGN_STYLE = Automatic;
				INFOPLIST_FILE = ztg.ist/Info.plist;
				LD_RUNPATH_SEARCH_PATHS = "$(inherited) @executable_path/Frameworks";
				PRODUCT_BUNDLE_IDENTIFIER = "com.ztg-ist.ztg-ist";
				PRODUCT_NAME = "$(TARGET_NAME)";
				SWIFT_VERSION = 4.0;
				TARGETED_DEVICE_FAMILY = "1,2";
			};
			name = Debug;
		};
		01A406BC20241185003F67F7 /* Release */ = {
			isa = XCBuildConfiguration;
			buildSettings = {
				ASSETCATALOG_COMPILER_APPICON_NAME = AppIcon;
				CODE_SIGN_STYLE = Automatic;
				INFOPLIST_FILE = ztg.ist/Info.plist;
				LD_RUNPATH_SEARCH_PATHS = "$(inherited) @executable_path/Frameworks";
				PRODUCT_BUNDLE_IDENTIFIER = "com.ztg-ist.ztg-ist";
				PRODUCT_NAME = "$(TARGET_NAME)";
				SWIFT_VERSION = 4.0;
				TARGETED_DEVICE_FAMILY = "1,2";
			};
			name = Release;
		};
		01A406BE20241185003F67F7 /* Debug */ = {
			isa = XCBuildConfiguration;
			buildSettings = {
				ALWAYS_EMBED_SWIFT_STANDARD_LIBRARIES = YES;
				BUNDLE_LOADER = "$(TEST_HOST)";
				CODE_SIGN_STYLE = Automatic;
				INFOPLIST_FILE = ztg.istTests/Info.plist;
				LD_RUNPATH_SEARCH_PATHS = "$(inherited) @executable_path/Frameworks @loader_path/Frameworks";
				PRODUCT_BUNDLE_IDENTIFIER = "com.ztg-ist.ztg-istTests";
				PRODUCT_NAME = "$(TARGET_NAME)";
				SWIFT_VERSION = 4.0;
				TARGETED_DEVICE_FAMILY = "1,2";
				TEST_HOST = "$(BUILT_PRODUCTS_DIR)/ztg.ist.app/ztg.ist";
			};
			name = Debug;
		};
		01A406BF20241185003F67F7 /* Release */ = {
			isa = XCBuildConfiguration;
			buildSettings = {
				ALWAYS_EMBED_SWIFT_STANDARD_LIBRARIES = YES;
				BUNDLE_LOADER = "$(TEST_HOST)";
				CODE_SIGN_STYLE = Automatic;
				INFOPLIST_FILE = ztg.istTests/Info.plist;
				LD_RUNPATH_SEARCH_PATHS = "$(inherited) @executable_path/Frameworks @loader_path/Frameworks";
				PRODUCT_BUNDLE_IDENTIFIER = "com.ztg-ist.ztg-istTests";
				PRODUCT_NAME = "$(TARGET_NAME)";
				SWIFT_VERSION = 4.0;
				TARGETED_DEVICE_FAMILY = "1,2";
				TEST_HOST = "$(BUILT_PRODUCTS_DIR)/ztg.ist.app/ztg.ist";
			};
			name = Release;
		};
/* End XCBuildConfiguration section */

/* Begin XCConfigurationList section */
		01A4069820241185003F67F7 /* Build configuration list for PBXProject "ztg.ist" */ = {
			isa = XCConfigurationList;
			buildConfigurations = (
				01A406B820241185003F67F7 /* Debug */,
				01A406B920241185003F67F7 /* Release */,
			);
			defaultConfigurationIsVisible = 0;
			defaultConfigurationName = Release;
		};
		01A406BA20241185003F67F7 /* Build configuration list for PBXNativeTarget "ztg.ist" */ = {
			isa = XCConfigurationList;
			buildConfigurations = (
				01A406BB20241185003F67F7 /* Debug */,
				01A406BC20241185003F67F7 /* Release */,
			);
			defaultConfigurationIsVisible = 0;
			defaultConfigurationName = Release;
		};
		01A406BD20241185003F67F7 /* Build configuration list for PBXNativeTarget "ztg.istTests" */ = {
			isa = XCConfigurationList;
			buildConfigurations = (
				01A406BE20241185003F67F7 /* Debug */,
				01A406BF20241185003F67F7 /* Release */,
			);
			defaultConfigurationIsVisible = 0;
			defaultConfigurationName = Release;
		};
/* End XCConfigurationList section */
	};
	rootObject = 01A4069520241185003F67F7 /* Project object */;
}
